
Microsoft Visual Studio Solution File, Format Version 12.00
# Visual Studio 15
Project("{FAE04EC0-301F-11D3-BF4B-00C04F79EFBC}") = "Assembly-CSharp", "Assembly-CSharp.csproj", "{FF01F318-A659-0E85-3C61-DEB6D984400F}"
EndProject
Project("{FAE04EC0-301F-11D3-BF4B-00C04F79EFBC}") = "Assembly-CSharp-Editor", "Assembly-CSharp-Editor.csproj", "{D0D3715A-F429-5C11-891A-B4FB191B38B8}"
EndProject
Global
	GlobalSection(SolutionConfigurationPlatforms) = preSolution
		Debug|Any CPU = Debug|Any CPU
		Release|Any CPU = Release|Any CPU
	EndGlobalSection
	GlobalSection(ProjectConfigurationPlatforms) = postSolution
		{FF01F318-A659-0E85-3C61-DEB6D984400F}.Debug|Any CPU.ActiveCfg = Debug|Any CPU
		{FF01F318-A659-0E85-3C61-DEB6D984400F}.Debug|Any CPU.Build.0 = Debug|Any CPU
		{FF01F318-A659-0E85-3C61-DEB6D984400F}.Release|Any CPU.ActiveCfg = Release|Any CPU
		{FF01F318-A659-0E85-3C61-DEB6D984400F}.Release|Any CPU.Build.0 = Release|Any CPU
		{D0D3715A-F429-5C11-891A-B4FB191B38B8}.Debug|Any CPU.ActiveCfg = Debug|Any CPU
		{D0D3715A-F429-5C11-891A-B4FB191B38B8}.Debug|Any CPU.Build.0 = Debug|Any CPU
		{D0D3715A-F429-5C11-891A-B4FB191B38B8}.Release|Any CPU.ActiveCfg = Release|Any CPU
		{D0D3715A-F429-5C11-891A-B4FB191B38B8}.Release|Any CPU.Build.0 = Release|Any CPU
	EndGlobalSection
	GlobalSection(SolutionProperties) = preSolution
		HideSolutionNode = FALSE
	EndGlobalSection
EndGlobal
